
Microsoft Visual Studio Solution File, Format Version 12.00
# Visual Studio Version 16
VisualStudioVersion = 16.0.31702.278
MinimumVisualStudioVersion = 10.0.40219.1
Project("{FAE04EC0-301F-11D3-BF4B-00C04F79EFBC}") = "Breakout game in winforms", "Breakout game in winforms\Breakout game in winforms.csproj", "{F439F975-AF93-4607-8706-1C66523F8D31}"
EndProject
Global
	GlobalSection(SolutionConfigurationPlatforms) = preSolution
		Debug|Any CPU = Debug|Any CPU
		Release|Any CPU = Release|Any CPU
	EndGlobalSection
	GlobalSection(ProjectConfigurationPlatforms) = postSolution
		{F439F975-AF93-4607-8706-1C66523F8D31}.Debug|Any CPU.ActiveCfg = Debug|Any CPU
		{F439F975-AF93-4607-8706-1C66523F8D31}.Debug|Any CPU.Build.0 = Debug|Any CPU
		{F439F975-AF93-4607-8706-1C66523F8D31}.Release|Any CPU.ActiveCfg = Release|Any CPU
		{F439F975-AF93-4607-8706-1C66523F8D31}.Release|Any CPU.Build.0 = Release|Any CPU
	EndGlobalSection
	GlobalSection(SolutionProperties) = preSolution
		HideSolutionNode = FALSE
	EndGlobalSection
	GlobalSection(ExtensibilityGlobals) = postSolution
		SolutionGuid = {265F04B5-AD42-4254-8B32-CA0783753519}
	EndGlobalSection
EndGlobal
